// !$*UTF8*$!
{
	archiveVersion = 1;
	classes = {
	};
	objectVersion = 46;
	objects = {

/* Begin PBXBuildFile section */
		6844E46C1AA66C33000E779E /* AppDelegate.swift in Sources */ = {isa = PBXBuildFile; fileRef = 6844E46B1AA66C33000E779E /* AppDelegate.swift */; };
		6844E46F1AA66C33000E779E /* Pursuit.xcdatamodeld in Sources */ = {isa = PBXBuildFile; fileRef = 6844E46D1AA66C33000E779E /* Pursuit.xcdatamodeld */; };
		6844E4711AA66C33000E779E /* ViewController.swift in Sources */ = {isa = PBXBuildFile; fileRef = 6844E4701AA66C33000E779E /* ViewController.swift */; };
		6844E4741AA66C33000E779E /* Main.storyboard in Resources */ = {isa = PBXBuildFile; fileRef = 6844E4721AA66C33000E779E /* Main.storyboard */; };
		6844E4761AA66C33000E779E /* Images.xcassets in Resources */ = {isa = PBXBuildFile; fileRef = 6844E4751AA66C33000E779E /* Images.xcassets */; };
		6844E4791AA66C33000E779E /* LaunchScreen.xib in Resources */ = {isa = PBXBuildFile; fileRef = 6844E4771AA66C33000E779E /* LaunchScreen.xib */; };
		6844E4851AA66C34000E779E /* PursuitTests.swift in Sources */ = {isa = PBXBuildFile; fileRef = 6844E4841AA66C34000E779E /* PursuitTests.swift */; };
/* End PBXBuildFile section */

/* Begin PBXContainerItemProxy section */
		6844E47F1AA66C34000E779E /* PBXContainerItemProxy */ = {
			isa = PBXContainerItemProxy;
			containerPortal = 6844E45E1AA66C33000E779E /* Project object */;
			proxyType = 1;
			remoteGlobalIDString = 6844E4651AA66C33000E779E;
			remoteInfo = Pursuit;
		};
/* End PBXContainerItemProxy section */

/* Begin PBXFileReference section */
		6844E4661AA66C33000E779E /* Pursuit.app */ = {isa = PBXFileReference; explicitFileType = wrapper.application; includeInIndex = 0; path = Pursuit.app; sourceTree = BUILT_PRODUCTS_DIR; };
		6844E46A1AA66C33000E779E /* Info.plist */ = {isa = PBXFileReference; lastKnownFileType = text.plist.xml; path = Info.plist; sourceTree = "<group>"; };
		6844E46B1AA66C33000E779E /* AppDelegate.swift */ = {isa = PBXFileReference; lastKnownFileType = sourcecode.swift; path = AppDelegate.swift; sourceTree = "<group>"; };
		6844E46E1AA66C33000E779E /* Pursuit.xcdatamodel */ = {isa = PBXFileReference; lastKnownFileType = wrapper.xcdatamodel; path = Pursuit.xcdatamodel; sourceTree = "<group>"; };
		6844E4701AA66C33000E779E /* ViewController.swift */ = {isa = PBXFileReference; lastKnownFileType = sourcecode.swift; path = ViewController.swift; sourceTree = "<group>"; };
		6844E4731AA66C33000E779E /* Base */ = {isa = PBXFileReference; lastKnownFileType = file.storyboard; name = Base; path = Base.lproj/Main.storyboard; sourceTree = "<group>"; };
		6844E4751AA66C33000E779E /* Images.xcassets */ = {isa = PBXFileReference; lastKnownFileType = folder.assetcatalog; path = Images.xcassets; sourceTree = "<group>"; };
		6844E4781AA66C33000E779E /* Base */ = {isa = PBXFileReference; lastKnownFileType = file.xib; name = Base; path = Base.lproj/LaunchScreen.xib; sourceTree = "<group>"; };
		6844E47E1AA66C34000E779E /* PursuitTests.xctest */ = {isa = PBXFileReference; explicitFileType = wrapper.cfbundle; includeInIndex = 0; path = PursuitTests.xctest; sourceTree = BUILT_PRODUCTS_DIR; };
		6844E4831AA66C34000E779E /* Info.plist */ = {isa = PBXFileReference; lastKnownFileType = text.plist.xml; path = Info.plist; sourceTree = "<group>"; };
		6844E4841AA66C34000E779E /* PursuitTests.swift */ = {isa = PBXFileReference; lastKnownFileType = sourcecode.swift; path = PursuitTests.swift; sourceTree = "<group>"; };
/* End PBXFileReference section */

/* Begin PBXFrameworksBuildPhase section */
		6844E4631AA66C33000E779E /* Frameworks */ = {
			isa = PBXFrameworksBuildPhase;
			buildActionMask = 2147483647;
			files = (
			);
			runOnlyForDeploymentPostprocessing = 0;
		};
		6844E47B1AA66C34000E779E /* Frameworks */ = {
			isa = PBXFrameworksBuildPhase;
			buildActionMask = 2147483647;
			files = (
			);
			runOnlyForDeploymentPostprocessing = 0;
		};
/* End PBXFrameworksBuildPhase section */

/* Begin PBXGroup section */
		6844E45D1AA66C33000E779E = {
			isa = PBXGroup;
			children = (
				6844E4681AA66C33000E779E /* Pursuit */,
				6844E4811AA66C34000E779E /* PursuitTests */,
				6844E4671AA66C33000E779E /* Products */,
			);
			sourceTree = "<group>";
		};
		6844E4671AA66C33000E779E /* Products */ = {
			isa = PBXGroup;
			children = (
				6844E4661AA66C33000E779E /* Pursuit.app */,
				6844E47E1AA66C34000E779E /* PursuitTests.xctest */,
			);
			name = Products;
			sourceTree = "<group>";
		};
		6844E4681AA66C33000E779E /* Pursuit */ = {
			isa = PBXGroup;
			children = (
				6844E46B1AA66C33000E779E /* AppDelegate.swift */,
				6844E4701AA66C33000E779E /* ViewController.swift */,
				6844E4721AA66C33000E779E /* Main.storyboard */,
				6844E4751AA66C33000E779E /* Images.xcassets */,
				6844E4771AA66C33000E779E /* LaunchScreen.xib */,
				6844E46D1AA66C33000E779E /* Pursuit.xcdatamodeld */,
				6844E4691AA66C33000E779E /* Supporting Files */,
			);
			path = Pursuit;
			sourceTree = "<group>";
		};
		6844E4691AA66C33000E779E /* Supporting Files */ = {
			isa = PBXGroup;
			children = (
				6844E46A1AA66C33000E779E /* Info.plist */,
			);
			name = "Supporting Files";
			sourceTree = "<group>";
		};
		6844E4811AA66C34000E779E /* PursuitTests */ = {
			isa = PBXGroup;
			children = (
				6844E4841AA66C34000E779E /* PursuitTests.swift */,
				6844E4821AA66C34000E779E /* Supporting Files */,
			);
			path = PursuitTests;
			sourceTree = "<group>";
		};
		6844E4821AA66C34000E779E /* Supporting Files */ = {
			isa = PBXGroup;
			children = (
				6844E4831AA66C34000E779E /* Info.plist */,
			);
			name = "Supporting Files";
			sourceTree = "<group>";
		};
/* End PBXGroup section */

/* Begin PBXNativeTarget section */
		6844E4651AA66C33000E779E /* Pursuit */ = {
			isa = PBXNativeTarget;
			buildConfigurationList = 6844E4881AA66C34000E779E /* Build configuration list for PBXNativeTarget "Pursuit" */;
			buildPhases = (
				6844E4621AA66C33000E779E /* Sources */,
				6844E4631AA66C33000E779E /* Frameworks */,
				6844E4641AA66C33000E779E /* Resources */,
			);
			buildRules = (
			);
			dependencies = (
			);
			name = Pursuit;
			productName = Pursuit;
			productReference = 6844E4661AA66C33000E779E /* Pursuit.app */;
			productType = "com.apple.product-type.application";
		};
		6844E47D1AA66C34000E779E /* PursuitTests */ = {
			isa = PBXNativeTarget;
			buildConfigurationList = 6844E48B1AA66C34000E779E /* Build configuration list for PBXNativeTarget "PursuitTests" */;
			buildPhases = (
				6844E47A1AA66C34000E779E /* Sources */,
				6844E47B1AA66C34000E779E /* Frameworks */,
				6844E47C1AA66C34000E779E /* Resources */,
			);
			buildRules = (
			);
			dependencies = (
				6844E4801AA66C34000E779E /* PBXTargetDependency */,
			);
			name = PursuitTests;
			productName = PursuitTests;
			productReference = 6844E47E1AA66C34000E779E /* PursuitTests.xctest */;
			productType = "com.apple.product-type.bundle.unit-test";
		};
/* End PBXNativeTarget section */

/* Begin PBXProject section */
		6844E45E1AA66C33000E779E /* Project object */ = {
			isa = PBXProject;
			attributes = {
				LastUpgradeCheck = 0610;
				ORGANIZATIONNAME = Pursuit;
				TargetAttributes = {
					6844E4651AA66C33000E779E = {
						CreatedOnToolsVersion = 6.1.1;
					};
					6844E47D1AA66C34000E779E = {
						CreatedOnToolsVersion = 6.1.1;
						TestTargetID = 6844E4651AA66C33000E779E;
					};
				};
			};
			buildConfigurationList = 6844E4611AA66C33000E779E /* Build configuration list for PBXProject "Pursuit" */;
			compatibilityVersion = "Xcode 3.2";
			developmentRegion = English;
			hasScannedForEncodings = 0;
			knownRegions = (
				en,
				Base,
			);
			mainGroup = 6844E45D1AA66C33000E779E;
			productRefGroup = 6844E4671AA66C33000E779E /* Products */;
			projectDirPath = "";
			projectRoot = "";
			targets = (
				6844E4651AA66C33000E779E /* Pursuit */,
				6844E47D1AA66C34000E779E /* PursuitTests */,
			);
		};
/* End PBXProject section */

/* Begin PBXResourcesBuildPhase section */
		6844E4641AA66C33000E779E /* Resources */ = {
			isa = PBXResourcesBuildPhase;
			buildActionMask = 2147483647;
			files = (
				6844E4741AA66C33000E779E /* Main.storyboard in Resources */,
				6844E4791AA66C33000E779E /* LaunchScreen.xib in Resources */,
				6844E4761AA66C33000E779E /* Images.xcassets in Resources */,
			);
			runOnlyForDeploymentPostprocessing = 0;
		};
		6844E47C1AA66C34000E779E /* Resources */ = {
			isa = PBXResourcesBuildPhase;
			buildActionMask = 2147483647;
			files = (
			);
			runOnlyForDeploymentPostprocessing = 0;
		};
/* End PBXResourcesBuildPhase section */

/* Begin PBXSourcesBuildPhase section */
		6844E4621AA66C33000E779E /* Sources */ = {
			isa = PBXSourcesBuildPhase;
			buildActionMask = 2147483647;
			files = (
				6844E4711AA66C33000E779E /* ViewController.swift in Sources */,
				6844E46F1AA66C33000E779E /* Pursuit.xcdatamodeld in Sources */,
				6844E46C1AA66C33000E779E /* AppDelegate.swift in Sources */,
			);
			runOnlyForDeploymentPostprocessing = 0;
		};
		6844E47A1AA66C34000E779E /* Sources */ = {
			isa = PBXSourcesBuildPhase;
			buildActionMask = 2147483647;
			files = (
				6844E4851AA66C34000E779E /* PursuitTests.swift in Sources */,
			);
			runOnlyForDeploymentPostprocessing = 0;
		};
/* End PBXSourcesBuildPhase section */

/* Begin PBXTargetDependency section */
		6844E4801AA66C34000E779E /* PBXTargetDependency */ = {
			isa = PBXTargetDependency;
			target = 6844E4651AA66C33000E779E /* Pursuit */;
			targetProxy = 6844E47F1AA66C34000E779E /* PBXContainerItemProxy */;
		};
/* End PBXTargetDependency section */

/* Begin PBXVariantGroup section */
		6844E4721AA66C33000E779E /* Main.storyboard */ = {
			isa = PBXVariantGroup;
			children = (
				6844E4731AA66C33000E779E /* Base */,
			);
			name = Main.storyboard;
			sourceTree = "<group>";
		};
		6844E4771AA66C33000E779E /* LaunchScreen.xib */ = {
			isa = PBXVariantGroup;
			children = (
				6844E4781AA66C33000E779E /* Base */,
			);
			name = LaunchScreen.xib;
			sourceTree = "<group>";
		};
/* End PBXVariantGroup section */

/* Begin XCBuildConfiguration section */
		6844E4861AA66C34000E779E /* Debug */ = {
			isa = XCBuildConfiguration;
			buildSettings = {
				ALWAYS_SEARCH_USER_PATHS = NO;
				CLANG_CXX_LANGUAGE_STANDARD = "gnu++0x";
				CLANG_CXX_LIBRARY = "libc++";
				CLANG_ENABLE_MODULES = YES;
				CLANG_ENABLE_OBJC_ARC = YES;
				CLANG_WARN_BOOL_CONVERSION = YES;
				CLANG_WARN_CONSTANT_CONVERSION = YES;
				CLANG_WARN_DIRECT_OBJC_ISA_USAGE = YES_ERROR;
				CLANG_WARN_EMPTY_BODY = YES;
				CLANG_WARN_ENUM_CONVERSION = YES;
				CLANG_WARN_INT_CONVERSION = YES;
				CLANG_WARN_OBJC_ROOT_CLASS = YES_ERROR;
				CLANG_WARN_UNREACHABLE_CODE = YES;
				CLANG_WARN__DUPLICATE_METHOD_MATCH = YES;
				"CODE_SIGN_IDENTITY[sdk=iphoneos*]" = "iPhone Developer";
				COPY_PHASE_STRIP = NO;
				ENABLE_STRICT_OBJC_MSGSEND = YES;
				GCC_C_LANGUAGE_STANDARD = gnu99;
				GCC_DYNAMIC_NO_PIC = NO;
				GCC_OPTIMIZATION_LEVEL = 0;
				GCC_PREPROCESSOR_DEFINITIONS = (
					"DEBUG=1",
					"$(inherited)",
				);
				GCC_SYMBOLS_PRIVATE_EXTERN = NO;
				GCC_WARN_64_TO_32_BIT_CONVERSION = YES;
				GCC_WARN_ABOUT_RETURN_TYPE = YES_ERROR;
				GCC_WARN_UNDECLARED_SELECTOR = YES;
				GCC_WARN_UNINITIALIZED_AUTOS = YES_AGGRESSIVE;
				GCC_WARN_UNUSED_FUNCTION = YES;
				GCC_WARN_UNUSED_VARIABLE = YES;
				IPHONEOS_DEPLOYMENT_TARGET = 8.1;
				MTL_ENABLE_DEBUG_INFO = YES;
				ONLY_ACTIVE_ARCH = YES;
				SDKROOT = iphoneos;
				SWIFT_OPTIMIZATION_LEVEL = "-Onone";
			};
			name = Debug;
		};
		6844E4871AA66C34000E779E /* Release */ = {
			isa = XCBuildConfiguration;
			buildSettings = {
				ALWAYS_SEARCH_USER_PATHS = NO;
				CLANG_CXX_LANGUAGE_STANDARD = "gnu++0x";
				CLANG_CXX_LIBRARY = "libc++";
				CLANG_ENABLE_MODULES = YES;
				CLANG_ENABLE_OBJC_ARC = YES;
				CLANG_WARN_BOOL_CONVERSION = YES;
				CLANG_WARN_CONSTANT_CONVERSION = YES;
				CLANG_WARN_DIRECT_OBJC_ISA_USAGE = YES_ERROR;
				CLANG_WARN_EMPTY_BODY = YES;
				CLANG_WARN_ENUM_CONVERSION = YES;
				CLANG_WARN_INT_CONVERSION = YES;
				CLANG_WARN_OBJC_ROOT_CLASS = YES_ERROR;
				CLANG_WARN_UNREACHABLE_CODE = YES;
				CLANG_WARN__DUPLICATE_METHOD_MATCH = YES;
				"CODE_SIGN_IDENTITY[sdk=iphoneos*]" = "iPhone Developer";
				COPY_PHASE_STRIP = YES;
				ENABLE_NS_ASSERTIONS = NO;
				ENABLE_STRICT_OBJC_MSGSEND = YES;
				GCC_C_LANGUAGE_STANDARD = gnu99;
				GCC_WARN_64_TO_32_BIT_CONVERSION = YES;
				GCC_WARN_ABOUT_RETURN_TYPE = YES_ERROR;
				GCC_WARN_UNDECLARED_SELECTOR = YES;
				GCC_WARN_UNINITIALIZED_AUTOS = YES_AGGRESSIVE;
				GCC_WARN_UNUSED_FUNCTION = YES;
				GCC_WARN_UNUSED_VARIABLE = YES;
				IPHONEOS_DEPLOYMENT_TARGET = 8.1;
				MTL_ENABLE_DEBUG_INFO = NO;
				SDKROOT = iphoneos;
				VALIDATE_PRODUCT = YES;
			};
			name = Release;
		};
		6844E4891AA66C34000E779E /* Debug */ = {
			isa = XCBuildConfiguration;
			buildSettings = {
				ASSETCATALOG_COMPILER_APPICON_NAME = AppIcon;
				INFOPLIST_FILE = Pursuit/Info.plist;
				LD_RUNPATH_SEARCH_PATHS = "$(inherited) @executable_path/Frameworks";
				PRODUCT_NAME = "$(TARGET_NAME)";
			};
			name = Debug;
		};
		6844E48A1AA66C34000E779E /* Release */ = {
			isa = XCBuildConfiguration;
			buildSettings = {
				ASSETCATALOG_COMPILER_APPICON_NAME = AppIcon;
				INFOPLIST_FILE = Pursuit/Info.plist;
				LD_RUNPATH_SEARCH_PATHS = "$(inherited) @executable_path/Frameworks";
				PRODUCT_NAME = "$(TARGET_NAME)";
			};
			name = Release;
		};
		6844E48C1AA66C34000E779E /* Debug */ = {
			isa = XCBuildConfiguration;
			buildSettings = {
				BUNDLE_LOADER = "$(TEST_HOST)";
				FRAMEWORK_SEARCH_PATHS = (
					"$(SDKROOT)/Developer/Library/Frameworks",
					"$(inherited)",
				);
				GCC_PREPROCESSOR_DEFINITIONS = (
					"DEBUG=1",
					"$(inherited)",
				);
				INFOPLIST_FILE = PursuitTests/Info.plist;
				LD_RUNPATH_SEARCH_PATHS = "$(inherited) @executable_path/Frameworks @loader_path/Frameworks";
				PRODUCT_NAME = "$(TARGET_NAME)";
				TEST_HOST = "$(BUILT_PRODUCTS_DIR)/Pursuit.app/Pursuit";
			};
			name = Debug;
		};
		6844E48D1AA66C34000E779E /* Release */ = {
			isa = XCBuildConfiguration;
			buildSettings = {
				BUNDLE_LOADER = "$(TEST_HOST)";
				FRAMEWORK_SEARCH_PATHS = (
					"$(SDKROOT)/Developer/Library/Frameworks",
					"$(inherited)",
				);
				INFOPLIST_FILE = PursuitTests/Info.plist;
				LD_RUNPATH_SEARCH_PATHS = "$(inherited) @executable_path/Frameworks @loader_path/Frameworks";
				PRODUCT_NAME = "$(TARGET_NAME)";
				TEST_HOST = "$(BUILT_PRODUCTS_DIR)/Pursuit.app/Pursuit";
			};
			name = Release;
		};
/* End XCBuildConfiguration section */

/* Begin XCConfigurationList section */
		6844E4611AA66C33000E779E /* Build configuration list for PBXProject "Pursuit" */ = {
			isa = XCConfigurationList;
			buildConfigurations = (
				6844E4861AA66C34000E779E /* Debug */,
				6844E4871AA66C34000E779E /* Release */,
			);
			defaultConfigurationIsVisible = 0;
			defaultConfigurationName = Release;
		};
		6844E4881AA66C34000E779E /* Build configuration list for PBXNativeTarget "Pursuit" */ = {
			isa = XCConfigurationList;
			buildConfigurations = (
				6844E4891AA66C34000E779E /* Debug */,
				6844E48A1AA66C34000E779E /* Release */,
			);
			defaultConfigurationIsVisible = 0;
		};
		6844E48B1AA66C34000E779E /* Build configuration list for PBXNativeTarget "PursuitTests" */ = {
			isa = XCConfigurationList;
			buildConfigurations = (
				6844E48C1AA66C34000E779E /* Debug */,
				6844E48D1AA66C34000E779E /* Release */,
			);
			defaultConfigurationIsVisible = 0;
		};
/* End XCConfigurationList section */

/* Begin XCVersionGroup section */
		6844E46D1AA66C33000E779E /* Pursuit.xcdatamodeld */ = {
			isa = XCVersionGroup;
			children = (
				6844E46E1AA66C33000E779E /* Pursuit.xcdatamodel */,
			);
			currentVersion = 6844E46E1AA66C33000E779E /* Pursuit.xcdatamodel */;
			path = Pursuit.xcdatamodeld;
			sourceTree = "<group>";
			versionGroupType = wrapper.xcdatamodel;
		};
/* End XCVersionGroup section */
	};
	rootObject = 6844E45E1AA66C33000E779E /* Project object */;
}
